// !$*UTF8*$!
{
	archiveVersion = 1;
	classes = {
	};
	objectVersion = 55;
	objects = {

/* Begin PBXBuildFile section */
		6279C52527B4D9960044F348 /* CustomShape.swift in Sources */ = {isa = PBXBuildFile; fileRef = 6279C52427B4D9960044F348 /* CustomShape.swift */; };
		6279C52727B4DB2D0044F348 /* RatingsSizesDetailView.swift in Sources */ = {isa = PBXBuildFile; fileRef = 6279C52627B4DB2D0044F348 /* RatingsSizesDetailView.swift */; };
		6279C52927B4DD380044F348 /* QuantityFavouriteDetailView.swift in Sources */ = {isa = PBXBuildFile; fileRef = 6279C52827B4DD370044F348 /* QuantityFavouriteDetailView.swift */; };
		6279C52B27B4DE450044F348 /* AddToCartDetailView.swift in Sources */ = {isa = PBXBuildFile; fileRef = 6279C52A27B4DE450044F348 /* AddToCartDetailView.swift */; };
		6279C52D27B4DF760044F348 /* Shop.swift in Sources */ = {isa = PBXBuildFile; fileRef = 6279C52C27B4DF760044F348 /* Shop.swift */; };
		6299760427B38B17001EF662 /* BrandModel.swift in Sources */ = {isa = PBXBuildFile; fileRef = 6299760327B38B17001EF662 /* BrandModel.swift */; };
		6299760627B38B63001EF662 /* BrandItemView.swift in Sources */ = {isa = PBXBuildFile; fileRef = 6299760527B38B63001EF662 /* BrandItemView.swift */; };
		6299760827B38BF0001EF662 /* BrandGridView.swift in Sources */ = {isa = PBXBuildFile; fileRef = 6299760727B38BF0001EF662 /* BrandGridView.swift */; };
		6299760A27B38D31001EF662 /* ProductDetailView.swift in Sources */ = {isa = PBXBuildFile; fileRef = 6299760927B38D31001EF662 /* ProductDetailView.swift */; };
		6299760C27B38DF8001EF662 /* NavigationBarDetailView.swift in Sources */ = {isa = PBXBuildFile; fileRef = 6299760B27B38DF8001EF662 /* NavigationBarDetailView.swift */; };
		6299760E27B38E98001EF662 /* HeaderDetailVIew.swift in Sources */ = {isa = PBXBuildFile; fileRef = 6299760D27B38E98001EF662 /* HeaderDetailVIew.swift */; };
		6299761027B38F75001EF662 /* TopPartDetailView.swift in Sources */ = {isa = PBXBuildFile; fileRef = 6299760F27B38F75001EF662 /* TopPartDetailView.swift */; };
		62D8A26C27B21F8D004C4C3F /* TouchdownApp.swift in Sources */ = {isa = PBXBuildFile; fileRef = 62D8A26B27B21F8D004C4C3F /* TouchdownApp.swift */; };
		62D8A26E27B21F8D004C4C3F /* ContentView.swift in Sources */ = {isa = PBXBuildFile; fileRef = 62D8A26D27B21F8D004C4C3F /* ContentView.swift */; };
		62D8A27027B21F8D004C4C3F /* Assets.xcassets in Resources */ = {isa = PBXBuildFile; fileRef = 62D8A26F27B21F8D004C4C3F /* Assets.xcassets */; };
		62D8A27327B21F8D004C4C3F /* Preview Assets.xcassets in Resources */ = {isa = PBXBuildFile; fileRef = 62D8A27227B21F8D004C4C3F /* Preview Assets.xcassets */; };
		62D8A27D27B2200F004C4C3F /* player.json in Resources */ = {isa = PBXBuildFile; fileRef = 62D8A27927B2200F004C4C3F /* player.json */; };
		62D8A27E27B2200F004C4C3F /* product.json in Resources */ = {isa = PBXBuildFile; fileRef = 62D8A27A27B2200F004C4C3F /* product.json */; };
		62D8A27F27B2200F004C4C3F /* brand.json in Resources */ = {isa = PBXBuildFile; fileRef = 62D8A27B27B2200F004C4C3F /* brand.json */; };
		62D8A28027B2200F004C4C3F /* category.json in Resources */ = {isa = PBXBuildFile; fileRef = 62D8A27C27B2200F004C4C3F /* category.json */; };
		62D8A28B27B221AE004C4C3F /* Constant.swift in Sources */ = {isa = PBXBuildFile; fileRef = 62D8A28A27B221AE004C4C3F /* Constant.swift */; };
		62D8A28D27B22261004C4C3F /* FooterView.swift in Sources */ = {isa = PBXBuildFile; fileRef = 62D8A28C27B22261004C4C3F /* FooterView.swift */; };
		62D8A28F27B22434004C4C3F /* NavigationBarView.swift in Sources */ = {isa = PBXBuildFile; fileRef = 62D8A28E27B22434004C4C3F /* NavigationBarView.swift */; };
		62D8A29127B2250A004C4C3F /* LogoView.swift in Sources */ = {isa = PBXBuildFile; fileRef = 62D8A29027B2250A004C4C3F /* LogoView.swift */; };
		62D8A29327B22C98004C4C3F /* PlayerModel.swift in Sources */ = {isa = PBXBuildFile; fileRef = 62D8A29227B22C98004C4C3F /* PlayerModel.swift */; };
		62D8A29527B22CE5004C4C3F /* CodableBundleExtension.swift in Sources */ = {isa = PBXBuildFile; fileRef = 62D8A29427B22CE5004C4C3F /* CodableBundleExtension.swift */; };
		62D8A29727B22D40004C4C3F /* FeaturedItemView.swift in Sources */ = {isa = PBXBuildFile; fileRef = 62D8A29627B22D40004C4C3F /* FeaturedItemView.swift */; };
		62D8A29927B22D9F004C4C3F /* FeaturedTabView.swift in Sources */ = {isa = PBXBuildFile; fileRef = 62D8A29827B22D9F004C4C3F /* FeaturedTabView.swift */; };
		62D8A29B27B22FB1004C4C3F /* CategoryModel.swift in Sources */ = {isa = PBXBuildFile; fileRef = 62D8A29A27B22FB1004C4C3F /* CategoryModel.swift */; };
		62D8A29D27B2306F004C4C3F /* CategoryItemView.swift in Sources */ = {isa = PBXBuildFile; fileRef = 62D8A29C27B2306F004C4C3F /* CategoryItemView.swift */; };
		62D8A29F27B2315B004C4C3F /* CategoryGridView.swift in Sources */ = {isa = PBXBuildFile; fileRef = 62D8A29E27B2315B004C4C3F /* CategoryGridView.swift */; };
		62D8A2A127B23248004C4C3F /* SectionVIew.swift in Sources */ = {isa = PBXBuildFile; fileRef = 62D8A2A027B23248004C4C3F /* SectionVIew.swift */; };
		62D8A2A327B2341B004C4C3F /* TitleView.swift in Sources */ = {isa = PBXBuildFile; fileRef = 62D8A2A227B2341B004C4C3F /* TitleView.swift */; };
		62D8A2A527B234C0004C4C3F /* ProductModel.swift in Sources */ = {isa = PBXBuildFile; fileRef = 62D8A2A427B234C0004C4C3F /* ProductModel.swift */; };
		62D8A2A727B2352F004C4C3F /* ProductItemView.swift in Sources */ = {isa = PBXBuildFile; fileRef = 62D8A2A627B2352F004C4C3F /* ProductItemView.swift */; };
/* End PBXBuildFile section */

/* Begin PBXFileReference section */
		6279C52427B4D9960044F348 /* CustomShape.swift */ = {isa = PBXFileReference; lastKnownFileType = sourcecode.swift; path = CustomShape.swift; sourceTree = "<group>"; };
		6279C52627B4DB2D0044F348 /* RatingsSizesDetailView.swift */ = {isa = PBXFileReference; lastKnownFileType = sourcecode.swift; path = RatingsSizesDetailView.swift; sourceTree = "<group>"; };
		6279C52827B4DD370044F348 /* QuantityFavouriteDetailView.swift */ = {isa = PBXFileReference; lastKnownFileType = sourcecode.swift; path = QuantityFavouriteDetailView.swift; sourceTree = "<group>"; };
		6279C52A27B4DE450044F348 /* AddToCartDetailView.swift */ = {isa = PBXFileReference; lastKnownFileType = sourcecode.swift; path = AddToCartDetailView.swift; sourceTree = "<group>"; };
		6279C52C27B4DF760044F348 /* Shop.swift */ = {isa = PBXFileReference; lastKnownFileType = sourcecode.swift; path = Shop.swift; sourceTree = "<group>"; };
		6299760327B38B17001EF662 /* BrandModel.swift */ = {isa = PBXFileReference; lastKnownFileType = sourcecode.swift; path = BrandModel.swift; sourceTree = "<group>"; };
		6299760527B38B63001EF662 /* BrandItemView.swift */ = {isa = PBXFileReference; lastKnownFileType = sourcecode.swift; path = BrandItemView.swift; sourceTree = "<group>"; };
		6299760727B38BF0001EF662 /* BrandGridView.swift */ = {isa = PBXFileReference; lastKnownFileType = sourcecode.swift; path = BrandGridView.swift; sourceTree = "<group>"; };
		6299760927B38D31001EF662 /* ProductDetailView.swift */ = {isa = PBXFileReference; lastKnownFileType = sourcecode.swift; path = ProductDetailView.swift; sourceTree = "<group>"; };
		6299760B27B38DF8001EF662 /* NavigationBarDetailView.swift */ = {isa = PBXFileReference; lastKnownFileType = sourcecode.swift; path = NavigationBarDetailView.swift; sourceTree = "<group>"; };
		6299760D27B38E98001EF662 /* HeaderDetailVIew.swift */ = {isa = PBXFileReference; lastKnownFileType = sourcecode.swift; path = HeaderDetailVIew.swift; sourceTree = "<group>"; };
		6299760F27B38F75001EF662 /* TopPartDetailView.swift */ = {isa = PBXFileReference; lastKnownFileType = sourcecode.swift; path = TopPartDetailView.swift; sourceTree = "<group>"; };
		62D8A26827B21F8D004C4C3F /* Touchdown.app */ = {isa = PBXFileReference; explicitFileType = wrapper.application; includeInIndex = 0; path = Touchdown.app; sourceTree = BUILT_PRODUCTS_DIR; };
		62D8A26B27B21F8D004C4C3F /* TouchdownApp.swift */ = {isa = PBXFileReference; lastKnownFileType = sourcecode.swift; path = TouchdownApp.swift; sourceTree = "<group>"; };
		62D8A26D27B21F8D004C4C3F /* ContentView.swift */ = {isa = PBXFileReference; lastKnownFileType = sourcecode.swift; path = ContentView.swift; sourceTree = "<group>"; };
		62D8A26F27B21F8D004C4C3F /* Assets.xcassets */ = {isa = PBXFileReference; lastKnownFileType = folder.assetcatalog; path = Assets.xcassets; sourceTree = "<group>"; };
		62D8A27227B21F8D004C4C3F /* Preview Assets.xcassets */ = {isa = PBXFileReference; lastKnownFileType = folder.assetcatalog; path = "Preview Assets.xcassets"; sourceTree = "<group>"; };
		62D8A27927B2200F004C4C3F /* player.json */ = {isa = PBXFileReference; fileEncoding = 4; lastKnownFileType = text.json; path = player.json; sourceTree = "<group>"; };
		62D8A27A27B2200F004C4C3F /* product.json */ = {isa = PBXFileReference; fileEncoding = 4; lastKnownFileType = text.json; path = product.json; sourceTree = "<group>"; };
		62D8A27B27B2200F004C4C3F /* brand.json */ = {isa = PBXFileReference; fileEncoding = 4; lastKnownFileType = text.json; path = brand.json; sourceTree = "<group>"; };
		62D8A27C27B2200F004C4C3F /* category.json */ = {isa = PBXFileReference; fileEncoding = 4; lastKnownFileType = text.json; path = category.json; sourceTree = "<group>"; };
		62D8A28227B22056004C4C3F /* Info.plist */ = {isa = PBXFileReference; lastKnownFileType = text.plist; path = Info.plist; sourceTree = "<group>"; };
		62D8A28A27B221AE004C4C3F /* Constant.swift */ = {isa = PBXFileReference; lastKnownFileType = sourcecode.swift; path = Constant.swift; sourceTree = "<group>"; };
		62D8A28C27B22261004C4C3F /* FooterView.swift */ = {isa = PBXFileReference; lastKnownFileType = sourcecode.swift; path = FooterView.swift; sourceTree = "<group>"; };
		62D8A28E27B22434004C4C3F /* NavigationBarView.swift */ = {isa = PBXFileReference; lastKnownFileType = sourcecode.swift; path = NavigationBarView.swift; sourceTree = "<group>"; };
		62D8A29027B2250A004C4C3F /* LogoView.swift */ = {isa = PBXFileReference; lastKnownFileType = sourcecode.swift; path = LogoView.swift; sourceTree = "<group>"; };
		62D8A29227B22C98004C4C3F /* PlayerModel.swift */ = {isa = PBXFileReference; lastKnownFileType = sourcecode.swift; path = PlayerModel.swift; sourceTree = "<group>"; };
		62D8A29427B22CE5004C4C3F /* CodableBundleExtension.swift */ = {isa = PBXFileReference; lastKnownFileType = sourcecode.swift; path = CodableBundleExtension.swift; sourceTree = "<group>"; };
		62D8A29627B22D40004C4C3F /* FeaturedItemView.swift */ = {isa = PBXFileReference; lastKnownFileType = sourcecode.swift; path = FeaturedItemView.swift; sourceTree = "<group>"; };
		62D8A29827B22D9F004C4C3F /* FeaturedTabView.swift */ = {isa = PBXFileReference; lastKnownFileType = sourcecode.swift; path = FeaturedTabView.swift; sourceTree = "<group>"; };
		62D8A29A27B22FB1004C4C3F /* CategoryModel.swift */ = {isa = PBXFileReference; lastKnownFileType = sourcecode.swift; path = CategoryModel.swift; sourceTree = "<group>"; };
		62D8A29C27B2306F004C4C3F /* CategoryItemView.swift */ = {isa = PBXFileReference; lastKnownFileType = sourcecode.swift; path = CategoryItemView.swift; sourceTree = "<group>"; };
		62D8A29E27B2315B004C4C3F /* CategoryGridView.swift */ = {isa = PBXFileReference; lastKnownFileType = sourcecode.swift; path = CategoryGridView.swift; sourceTree = "<group>"; };
		62D8A2A027B23248004C4C3F /* SectionVIew.swift */ = {isa = PBXFileReference; lastKnownFileType = sourcecode.swift; path = SectionVIew.swift; sourceTree = "<group>"; };
		62D8A2A227B2341B004C4C3F /* TitleView.swift */ = {isa = PBXFileReference; lastKnownFileType = sourcecode.swift; path = TitleView.swift; sourceTree = "<group>"; };
		62D8A2A427B234C0004C4C3F /* ProductModel.swift */ = {isa = PBXFileReference; lastKnownFileType = sourcecode.swift; path = ProductModel.swift; sourceTree = "<group>"; };
		62D8A2A627B2352F004C4C3F /* ProductItemView.swift */ = {isa = PBXFileReference; lastKnownFileType = sourcecode.swift; path = ProductItemView.swift; sourceTree = "<group>"; };
/* End PBXFileReference section */

/* Begin PBXFrameworksBuildPhase section */
		62D8A26527B21F8D004C4C3F /* Frameworks */ = {
			isa = PBXFrameworksBuildPhase;
			buildActionMask = 2147483647;
			files = (
			);
			runOnlyForDeploymentPostprocessing = 0;
		};
/* End PBXFrameworksBuildPhase section */

/* Begin PBXGroup section */
		62D8A25F27B21F8D004C4C3F = {
			isa = PBXGroup;
			children = (
				62D8A26A27B21F8D004C4C3F /* Touchdown */,
				62D8A26927B21F8D004C4C3F /* Products */,
			);
			sourceTree = "<group>";
		};
		62D8A26927B21F8D004C4C3F /* Products */ = {
			isa = PBXGroup;
			children = (
				62D8A26827B21F8D004C4C3F /* Touchdown.app */,
			);
			name = Products;
			sourceTree = "<group>";
		};
		62D8A26A27B21F8D004C4C3F /* Touchdown */ = {
			isa = PBXGroup;
			children = (
				62D8A28227B22056004C4C3F /* Info.plist */,
				62D8A26F27B21F8D004C4C3F /* Assets.xcassets */,
				62D8A28127B22018004C4C3F /* Data */,
				62D8A28727B22184004C4C3F /* Model */,
				62D8A28327B2215A004C4C3F /* App */,
				62D8A28427B22167004C4C3F /* View */,
				62D8A28827B22191004C4C3F /* Extension */,
				62D8A28927B22199004C4C3F /* Utility */,
				62D8A27127B21F8D004C4C3F /* Preview Content */,
			);
			path = Touchdown;
			sourceTree = "<group>";
		};
		62D8A27127B21F8D004C4C3F /* Preview Content */ = {
			isa = PBXGroup;
			children = (
				62D8A27227B21F8D004C4C3F /* Preview Assets.xcassets */,
			);
			path = "Preview Content";
			sourceTree = "<group>";
		};
		62D8A28127B22018004C4C3F /* Data */ = {
			isa = PBXGroup;
			children = (
				62D8A27B27B2200F004C4C3F /* brand.json */,
				62D8A27C27B2200F004C4C3F /* category.json */,
				62D8A27927B2200F004C4C3F /* player.json */,
				62D8A27A27B2200F004C4C3F /* product.json */,
			);
			path = Data;
			sourceTree = "<group>";
		};
		62D8A28327B2215A004C4C3F /* App */ = {
			isa = PBXGroup;
			children = (
				62D8A26B27B21F8D004C4C3F /* TouchdownApp.swift */,
				62D8A26D27B21F8D004C4C3F /* ContentView.swift */,
				6299760927B38D31001EF662 /* ProductDetailView.swift */,
			);
			path = App;
			sourceTree = "<group>";
		};
		62D8A28427B22167004C4C3F /* View */ = {
			isa = PBXGroup;
			children = (
				62D8A28527B22173004C4C3F /* Home */,
				62D8A28627B2217C004C4C3F /* Detail */,
			);
			path = View;
			sourceTree = "<group>";
		};
		62D8A28527B22173004C4C3F /* Home */ = {
			isa = PBXGroup;
			children = (
				62D8A28C27B22261004C4C3F /* FooterView.swift */,
				62D8A28E27B22434004C4C3F /* NavigationBarView.swift */,
				62D8A29027B2250A004C4C3F /* LogoView.swift */,
				62D8A29627B22D40004C4C3F /* FeaturedItemView.swift */,
				62D8A29827B22D9F004C4C3F /* FeaturedTabView.swift */,
				62D8A29C27B2306F004C4C3F /* CategoryItemView.swift */,
				62D8A29E27B2315B004C4C3F /* CategoryGridView.swift */,
				62D8A2A027B23248004C4C3F /* SectionVIew.swift */,
				62D8A2A227B2341B004C4C3F /* TitleView.swift */,
				62D8A2A627B2352F004C4C3F /* ProductItemView.swift */,
				6299760527B38B63001EF662 /* BrandItemView.swift */,
				6299760727B38BF0001EF662 /* BrandGridView.swift */,
			);
			path = Home;
			sourceTree = "<group>";
		};
		62D8A28627B2217C004C4C3F /* Detail */ = {
			isa = PBXGroup;
			children = (
				6299760B27B38DF8001EF662 /* NavigationBarDetailView.swift */,
				6299760D27B38E98001EF662 /* HeaderDetailVIew.swift */,
				6299760F27B38F75001EF662 /* TopPartDetailView.swift */,
				6279C52627B4DB2D0044F348 /* RatingsSizesDetailView.swift */,
				6279C52827B4DD370044F348 /* QuantityFavouriteDetailView.swift */,
				6279C52A27B4DE450044F348 /* AddToCartDetailView.swift */,
			);
			path = Detail;
			sourceTree = "<group>";
		};
		62D8A28727B22184004C4C3F /* Model */ = {
			isa = PBXGroup;
			children = (
				62D8A29227B22C98004C4C3F /* PlayerModel.swift */,
				62D8A29A27B22FB1004C4C3F /* CategoryModel.swift */,
				62D8A2A427B234C0004C4C3F /* ProductModel.swift */,
				6299760327B38B17001EF662 /* BrandModel.swift */,
			);
			path = Model;
			sourceTree = "<group>";
		};
		62D8A28827B22191004C4C3F /* Extension */ = {
			isa = PBXGroup;
			children = (
				62D8A29427B22CE5004C4C3F /* CodableBundleExtension.swift */,
			);
			path = Extension;
			sourceTree = "<group>";
		};
		62D8A28927B22199004C4C3F /* Utility */ = {
			isa = PBXGroup;
			children = (
				62D8A28A27B221AE004C4C3F /* Constant.swift */,
				6279C52427B4D9960044F348 /* CustomShape.swift */,
				6279C52C27B4DF760044F348 /* Shop.swift */,
			);
			path = Utility;
			sourceTree = "<group>";
		};
/* End PBXGroup section */

/* Begin PBXNativeTarget section */
		62D8A26727B21F8D004C4C3F /* Touchdown */ = {
			isa = PBXNativeTarget;
			buildConfigurationList = 62D8A27627B21F8D004C4C3F /* Build configuration list for PBXNativeTarget "Touchdown" */;
			buildPhases = (
				62D8A26427B21F8D004C4C3F /* Sources */,
				62D8A26527B21F8D004C4C3F /* Frameworks */,
				62D8A26627B21F8D004C4C3F /* Resources */,
			);
			buildRules = (
			);
			dependencies = (
			);
			name = Touchdown;
			productName = Touchdown;
			productReference = 62D8A26827B21F8D004C4C3F /* Touchdown.app */;
			productType = "com.apple.product-type.application";
		};
/* End PBXNativeTarget section */

/* Begin PBXProject section */
		62D8A26027B21F8D004C4C3F /* Project object */ = {
			isa = PBXProject;
			attributes = {
				BuildIndependentTargetsInParallel = 1;
				LastSwiftUpdateCheck = 1320;
				LastUpgradeCheck = 1320;
				TargetAttributes = {
					62D8A26727B21F8D004C4C3F = {
						CreatedOnToolsVersion = 13.2.1;
					};
				};
			};
			buildConfigurationList = 62D8A26327B21F8D004C4C3F /* Build configuration list for PBXProject "Touchdown" */;
			compatibilityVersion = "Xcode 13.0";
			developmentRegion = en;
			hasScannedForEncodings = 0;
			knownRegions = (
				en,
				Base,
			);
			mainGroup = 62D8A25F27B21F8D004C4C3F;
			productRefGroup = 62D8A26927B21F8D004C4C3F /* Products */;
			projectDirPath = "";
			projectRoot = "";
			targets = (
				62D8A26727B21F8D004C4C3F /* Touchdown */,
			);
		};
/* End PBXProject section */

/* Begin PBXResourcesBuildPhase section */
		62D8A26627B21F8D004C4C3F /* Resources */ = {
			isa = PBXResourcesBuildPhase;
			buildActionMask = 2147483647;
			files = (
				62D8A27D27B2200F004C4C3F /* player.json in Resources */,
				62D8A27F27B2200F004C4C3F /* brand.json in Resources */,
				62D8A27E27B2200F004C4C3F /* product.json in Resources */,
				62D8A28027B2200F004C4C3F /* category.json in Resources */,
				62D8A27327B21F8D004C4C3F /* Preview Assets.xcassets in Resources */,
				62D8A27027B21F8D004C4C3F /* Assets.xcassets in Resources */,
			);
			runOnlyForDeploymentPostprocessing = 0;
		};
/* End PBXResourcesBuildPhase section */

/* Begin PBXSourcesBuildPhase section */
		62D8A26427B21F8D004C4C3F /* Sources */ = {
			isa = PBXSourcesBuildPhase;
			buildActionMask = 2147483647;
			files = (
				62D8A29527B22CE5004C4C3F /* CodableBundleExtension.swift in Sources */,
				62D8A26E27B21F8D004C4C3F /* ContentView.swift in Sources */,
				6299761027B38F75001EF662 /* TopPartDetailView.swift in Sources */,
				62D8A29127B2250A004C4C3F /* LogoView.swift in Sources */,
				62D8A28D27B22261004C4C3F /* FooterView.swift in Sources */,
				62D8A29727B22D40004C4C3F /* FeaturedItemView.swift in Sources */,
				62D8A2A727B2352F004C4C3F /* ProductItemView.swift in Sources */,
				6299760827B38BF0001EF662 /* BrandGridView.swift in Sources */,
				6279C52B27B4DE450044F348 /* AddToCartDetailView.swift in Sources */,
				62D8A26C27B21F8D004C4C3F /* TouchdownApp.swift in Sources */,
				6279C52727B4DB2D0044F348 /* RatingsSizesDetailView.swift in Sources */,
				6299760E27B38E98001EF662 /* HeaderDetailVIew.swift in Sources */,
				6299760A27B38D31001EF662 /* ProductDetailView.swift in Sources */,
				6299760C27B38DF8001EF662 /* NavigationBarDetailView.swift in Sources */,
				62D8A28B27B221AE004C4C3F /* Constant.swift in Sources */,
				62D8A29F27B2315B004C4C3F /* CategoryGridView.swift in Sources */,
				62D8A29B27B22FB1004C4C3F /* CategoryModel.swift in Sources */,
				62D8A28F27B22434004C4C3F /* NavigationBarView.swift in Sources */,
				62D8A2A127B23248004C4C3F /* SectionVIew.swift in Sources */,
				6299760627B38B63001EF662 /* BrandItemView.swift in Sources */,
				62D8A29D27B2306F004C4C3F /* CategoryItemView.swift in Sources */,
				62D8A29927B22D9F004C4C3F /* FeaturedTabView.swift in Sources */,
				6279C52527B4D9960044F348 /* CustomShape.swift in Sources */,
				62D8A29327B22C98004C4C3F /* PlayerModel.swift in Sources */,
				6279C52D27B4DF760044F348 /* Shop.swift in Sources */,
				6299760427B38B17001EF662 /* BrandModel.swift in Sources */,
				62D8A2A327B2341B004C4C3F /* TitleView.swift in Sources */,
				6279C52927B4DD380044F348 /* QuantityFavouriteDetailView.swift in Sources */,
				62D8A2A527B234C0004C4C3F /* ProductModel.swift in Sources */,
			);
			runOnlyForDeploymentPostprocessing = 0;
		};
/* End PBXSourcesBuildPhase section */

/* Begin XCBuildConfiguration section */
		62D8A27427B21F8D004C4C3F /* Debug */ = {
			isa = XCBuildConfiguration;
			buildSettings = {
				ALWAYS_SEARCH_USER_PATHS = NO;
				CLANG_ANALYZER_NONNULL = YES;
				CLANG_ANALYZER_NUMBER_OBJECT_CONVERSION = YES_AGGRESSIVE;
				CLANG_CXX_LANGUAGE_STANDARD = "gnu++17";
				CLANG_CXX_LIBRARY = "libc++";
				CLANG_ENABLE_MODULES = YES;
				CLANG_ENABLE_OBJC_ARC = YES;
				CLANG_ENABLE_OBJC_WEAK = YES;
				CLANG_WARN_BLOCK_CAPTURE_AUTORELEASING = YES;
				CLANG_WARN_BOOL_CONVERSION = YES;
				CLANG_WARN_COMMA = YES;
				CLANG_WARN_CONSTANT_CONVERSION = YES;
				CLANG_WARN_DEPRECATED_OBJC_IMPLEMENTATIONS = YES;
				CLANG_WARN_DIRECT_OBJC_ISA_USAGE = YES_ERROR;
				CLANG_WARN_DOCUMENTATION_COMMENTS = YES;
				CLANG_WARN_EMPTY_BODY = YES;
				CLANG_WARN_ENUM_CONVERSION = YES;
				CLANG_WARN_INFINITE_RECURSION = YES;
				CLANG_WARN_INT_CONVERSION = YES;
				CLANG_WARN_NON_LITERAL_NULL_CONVERSION = YES;
				CLANG_WARN_OBJC_IMPLICIT_RETAIN_SELF = YES;
				CLANG_WARN_OBJC_LITERAL_CONVERSION = YES;
				CLANG_WARN_OBJC_ROOT_CLASS = YES_ERROR;
				CLANG_WARN_QUOTED_INCLUDE_IN_FRAMEWORK_HEADER = YES;
				CLANG_WARN_RANGE_LOOP_ANALYSIS = YES;
				CLANG_WARN_STRICT_PROTOTYPES = YES;
				CLANG_WARN_SUSPICIOUS_MOVE = YES;
				CLANG_WARN_UNGUARDED_AVAILABILITY = YES_AGGRESSIVE;
				CLANG_WARN_UNREACHABLE_CODE = YES;
				CLANG_WARN__DUPLICATE_METHOD_MATCH = YES;
				COPY_PHASE_STRIP = NO;
				DEBUG_INFORMATION_FORMAT = dwarf;
				ENABLE_STRICT_OBJC_MSGSEND = YES;
				ENABLE_TESTABILITY = YES;
				GCC_C_LANGUAGE_STANDARD = gnu11;
				GCC_DYNAMIC_NO_PIC = NO;
				GCC_NO_COMMON_BLOCKS = YES;
				GCC_OPTIMIZATION_LEVEL = 0;
				GCC_PREPROCESSOR_DEFINITIONS = (
					"DEBUG=1",
					"$(inherited)",
				);
				GCC_WARN_64_TO_32_BIT_CONVERSION = YES;
				GCC_WARN_ABOUT_RETURN_TYPE = YES_ERROR;
				GCC_WARN_UNDECLARED_SELECTOR = YES;
				GCC_WARN_UNINITIALIZED_AUTOS = YES_AGGRESSIVE;
				GCC_WARN_UNUSED_FUNCTION = YES;
				GCC_WARN_UNUSED_VARIABLE = YES;
				IPHONEOS_DEPLOYMENT_TARGET = 15.2;
				MTL_ENABLE_DEBUG_INFO = INCLUDE_SOURCE;
				MTL_FAST_MATH = YES;
				ONLY_ACTIVE_ARCH = YES;
				SDKROOT = iphoneos;
				SWIFT_ACTIVE_COMPILATION_CONDITIONS = DEBUG;
				SWIFT_OPTIMIZATION_LEVEL = "-Onone";
			};
			name = Debug;
		};
		62D8A27527B21F8D004C4C3F /* Release */ = {
			isa = XCBuildConfiguration;
			buildSettings = {
				ALWAYS_SEARCH_USER_PATHS = NO;
				CLANG_ANALYZER_NONNULL = YES;
				CLANG_ANALYZER_NUMBER_OBJECT_CONVERSION = YES_AGGRESSIVE;
				CLANG_CXX_LANGUAGE_STANDARD = "gnu++17";
				CLANG_CXX_LIBRARY = "libc++";
				CLANG_ENABLE_MODULES = YES;
				CLANG_ENABLE_OBJC_ARC = YES;
				CLANG_ENABLE_OBJC_WEAK = YES;
				CLANG_WARN_BLOCK_CAPTURE_AUTORELEASING = YES;
				CLANG_WARN_BOOL_CONVERSION = YES;
				CLANG_WARN_COMMA = YES;
				CLANG_WARN_CONSTANT_CONVERSION = YES;
				CLANG_WARN_DEPRECATED_OBJC_IMPLEMENTATIONS = YES;
				CLANG_WARN_DIRECT_OBJC_ISA_USAGE = YES_ERROR;
				CLANG_WARN_DOCUMENTATION_COMMENTS = YES;
				CLANG_WARN_EMPTY_BODY = YES;
				CLANG_WARN_ENUM_CONVERSION = YES;
				CLANG_WARN_INFINITE_RECURSION = YES;
				CLANG_WARN_INT_CONVERSION = YES;
				CLANG_WARN_NON_LITERAL_NULL_CONVERSION = YES;
				CLANG_WARN_OBJC_IMPLICIT_RETAIN_SELF = YES;
				CLANG_WARN_OBJC_LITERAL_CONVERSION = YES;
				CLANG_WARN_OBJC_ROOT_CLASS = YES_ERROR;
				CLANG_WARN_QUOTED_INCLUDE_IN_FRAMEWORK_HEADER = YES;
				CLANG_WARN_RANGE_LOOP_ANALYSIS = YES;
				CLANG_WARN_STRICT_PROTOTYPES = YES;
				CLANG_WARN_SUSPICIOUS_MOVE = YES;
				CLANG_WARN_UNGUARDED_AVAILABILITY = YES_AGGRESSIVE;
				CLANG_WARN_UNREACHABLE_CODE = YES;
				CLANG_WARN__DUPLICATE_METHOD_MATCH = YES;
				COPY_PHASE_STRIP = NO;
				DEBUG_INFORMATION_FORMAT = "dwarf-with-dsym";
				ENABLE_NS_ASSERTIONS = NO;
				ENABLE_STRICT_OBJC_MSGSEND = YES;
				GCC_C_LANGUAGE_STANDARD = gnu11;
				GCC_NO_COMMON_BLOCKS = YES;
				GCC_WARN_64_TO_32_BIT_CONVERSION = YES;
				GCC_WARN_ABOUT_RETURN_TYPE = YES_ERROR;
				GCC_WARN_UNDECLARED_SELECTOR = YES;
				GCC_WARN_UNINITIALIZED_AUTOS = YES_AGGRESSIVE;
				GCC_WARN_UNUSED_FUNCTION = YES;
				GCC_WARN_UNUSED_VARIABLE = YES;
				IPHONEOS_DEPLOYMENT_TARGET = 15.2;
				MTL_ENABLE_DEBUG_INFO = NO;
				MTL_FAST_MATH = YES;
				SDKROOT = iphoneos;
				SWIFT_COMPILATION_MODE = wholemodule;
				SWIFT_OPTIMIZATION_LEVEL = "-O";
				VALIDATE_PRODUCT = YES;
			};
			name = Release;
		};
		62D8A27727B21F8D004C4C3F /* Debug */ = {
			isa = XCBuildConfiguration;
			buildSettings = {
				ASSETCATALOG_COMPILER_APPICON_NAME = AppIcon;
				ASSETCATALOG_COMPILER_GLOBAL_ACCENT_COLOR_NAME = AccentColor;
				CODE_SIGN_STYLE = Automatic;
				CURRENT_PROJECT_VERSION = 1;
				DEVELOPMENT_ASSET_PATHS = "\"Touchdown/Preview Content\"";
				DEVELOPMENT_TEAM = AV4T8M55V5;
				ENABLE_PREVIEWS = YES;
				GENERATE_INFOPLIST_FILE = YES;
				INFOPLIST_FILE = Touchdown/Info.plist;
				INFOPLIST_KEY_UIApplicationSceneManifest_Generation = YES;
				INFOPLIST_KEY_UIApplicationSupportsIndirectInputEvents = YES;
				INFOPLIST_KEY_UISupportedInterfaceOrientations = UIInterfaceOrientationPortrait;
				INFOPLIST_KEY_UISupportedInterfaceOrientations_iPad = "UIInterfaceOrientationPortrait UIInterfaceOrientationPortraitUpsideDown UIInterfaceOrientationLandscapeLeft UIInterfaceOrientationLandscapeRight";
				INFOPLIST_KEY_UISupportedInterfaceOrientations_iPhone = UIInterfaceOrientationPortrait;
				INFOPLIST_KEY_UIUserInterfaceStyle = Light;
				LD_RUNPATH_SEARCH_PATHS = (
					"$(inherited)",
					"@executable_path/Frameworks",
				);
				MARKETING_VERSION = 1.0;
				PRODUCT_BUNDLE_IDENTIFIER = com.sebasorozcob.Touchdown;
				PRODUCT_NAME = "$(TARGET_NAME)";
				SWIFT_EMIT_LOC_STRINGS = YES;
				SWIFT_VERSION = 5.0;
				TARGETED_DEVICE_FAMILY = "1,2";
			};
			name = Debug;
		};
		62D8A27827B21F8D004C4C3F /* Release */ = {
			isa = XCBuildConfiguration;
			buildSettings = {
				ASSETCATALOG_COMPILER_APPICON_NAME = AppIcon;
				ASSETCATALOG_COMPILER_GLOBAL_ACCENT_COLOR_NAME = AccentColor;
				CODE_SIGN_STYLE = Automatic;
				CURRENT_PROJECT_VERSION = 1;
				DEVELOPMENT_ASSET_PATHS = "\"Touchdown/Preview Content\"";
				DEVELOPMENT_TEAM = AV4T8M55V5;
				ENABLE_PREVIEWS = YES;
				GENERATE_INFOPLIST_FILE = YES;
				INFOPLIST_FILE = Touchdown/Info.plist;
				INFOPLIST_KEY_UIApplicationSceneManifest_Generation = YES;
				INFOPLIST_KEY_UIApplicationSupportsIndirectInputEvents = YES;
				INFOPLIST_KEY_UISupportedInterfaceOrientations = UIInterfaceOrientationPortrait;
				INFOPLIST_KEY_UISupportedInterfaceOrientations_iPad = "UIInterfaceOrientationPortrait UIInterfaceOrientationPortraitUpsideDown UIInterfaceOrientationLandscapeLeft UIInterfaceOrientationLandscapeRight";
				INFOPLIST_KEY_UISupportedInterfaceOrientations_iPhone = UIInterfaceOrientationPortrait;
				INFOPLIST_KEY_UIUserInterfaceStyle = Light;
				LD_RUNPATH_SEARCH_PATHS = (
					"$(inherited)",
					"@executable_path/Frameworks",
				);
				MARKETING_VERSION = 1.0;
				PRODUCT_BUNDLE_IDENTIFIER = com.sebasorozcob.Touchdown;
				PRODUCT_NAME = "$(TARGET_NAME)";
				SWIFT_EMIT_LOC_STRINGS = YES;
				SWIFT_VERSION = 5.0;
				TARGETED_DEVICE_FAMILY = "1,2";
			};
			name = Release;
		};
/* End XCBuildConfiguration section */

/* Begin XCConfigurationList section */
		62D8A26327B21F8D004C4C3F /* Build configuration list for PBXProject "Touchdown" */ = {
			isa = XCConfigurationList;
			buildConfigurations = (
				62D8A27427B21F8D004C4C3F /* Debug */,
				62D8A27527B21F8D004C4C3F /* Release */,
			);
			defaultConfigurationIsVisible = 0;
			defaultConfigurationName = Release;
		};
		62D8A27627B21F8D004C4C3F /* Build configuration list for PBXNativeTarget "Touchdown" */ = {
			isa = XCConfigurationList;
			buildConfigurations = (
				62D8A27727B21F8D004C4C3F /* Debug */,
				62D8A27827B21F8D004C4C3F /* Release */,
			);
			defaultConfigurationIsVisible = 0;
			defaultConfigurationName = Release;
		};
/* End XCConfigurationList section */
	};
	rootObject = 62D8A26027B21F8D004C4C3F /* Project object */;
}
